// !$*UTF8*$!
{
	archiveVersion = 1;
	classes = {
	};
	objectVersion = 50;
	objects = {

/* Begin PBXBuildFile section */
		00FEF59F22408ACE00409609 /* AppDelegate.swift in Sources */ = {isa = PBXBuildFile; fileRef = 00FEF59E22408ACE00409609 /* AppDelegate.swift */; };
		00FEF5A122408ACE00409609 /* ViewController.swift in Sources */ = {isa = PBXBuildFile; fileRef = 00FEF5A022408ACE00409609 /* ViewController.swift */; };
		00FEF5A422408ACE00409609 /* Main.storyboard in Resources */ = {isa = PBXBuildFile; fileRef = 00FEF5A222408ACE00409609 /* Main.storyboard */; };
		00FEF5A622408AD000409609 /* Assets.xcassets in Resources */ = {isa = PBXBuildFile; fileRef = 00FEF5A522408AD000409609 /* Assets.xcassets */; };
		00FEF5A922408AD000409609 /* LaunchScreen.storyboard in Resources */ = {isa = PBXBuildFile; fileRef = 00FEF5A722408AD000409609 /* LaunchScreen.storyboard */; };
		00FEF5B422408AD100409609 /* UnidirectionDataFlowTests.swift in Sources */ = {isa = PBXBuildFile; fileRef = 00FEF5B322408AD100409609 /* UnidirectionDataFlowTests.swift */; };
		00FEF5BF22408AD100409609 /* UnidirectionDataFlowUITests.swift in Sources */ = {isa = PBXBuildFile; fileRef = 00FEF5BE22408AD100409609 /* UnidirectionDataFlowUITests.swift */; };
/* End PBXBuildFile section */

/* Begin PBXContainerItemProxy section */
		00FEF5B022408AD100409609 /* PBXContainerItemProxy */ = {
			isa = PBXContainerItemProxy;
			containerPortal = 00FEF59322408ACE00409609 /* Project object */;
			proxyType = 1;
			remoteGlobalIDString = 00FEF59A22408ACE00409609;
			remoteInfo = UnidirectionDataFlow;
		};
		00FEF5BB22408AD100409609 /* PBXContainerItemProxy */ = {
			isa = PBXContainerItemProxy;
			containerPortal = 00FEF59322408ACE00409609 /* Project object */;
			proxyType = 1;
			remoteGlobalIDString = 00FEF59A22408ACE00409609;
			remoteInfo = UnidirectionDataFlow;
		};
/* End PBXContainerItemProxy section */

/* Begin PBXFileReference section */
		00FEF59B22408ACE00409609 /* UnidirectionDataFlow.app */ = {isa = PBXFileReference; explicitFileType = wrapper.application; includeInIndex = 0; path = UnidirectionDataFlow.app; sourceTree = BUILT_PRODUCTS_DIR; };
		00FEF59E22408ACE00409609 /* AppDelegate.swift */ = {isa = PBXFileReference; lastKnownFileType = sourcecode.swift; path = AppDelegate.swift; sourceTree = "<group>"; };
		00FEF5A022408ACE00409609 /* ViewController.swift */ = {isa = PBXFileReference; lastKnownFileType = sourcecode.swift; path = ViewController.swift; sourceTree = "<group>"; };
		00FEF5A322408ACE00409609 /* Base */ = {isa = PBXFileReference; lastKnownFileType = file.storyboard; name = Base; path = Base.lproj/Main.storyboard; sourceTree = "<group>"; };
		00FEF5A522408AD000409609 /* Assets.xcassets */ = {isa = PBXFileReference; lastKnownFileType = folder.assetcatalog; path = Assets.xcassets; sourceTree = "<group>"; };
		00FEF5A822408AD000409609 /* Base */ = {isa = PBXFileReference; lastKnownFileType = file.storyboard; name = Base; path = Base.lproj/LaunchScreen.storyboard; sourceTree = "<group>"; };
		00FEF5AA22408AD000409609 /* Info.plist */ = {isa = PBXFileReference; lastKnownFileType = text.plist.xml; path = Info.plist; sourceTree = "<group>"; };
		00FEF5AF22408AD100409609 /* UnidirectionDataFlowTests.xctest */ = {isa = PBXFileReference; explicitFileType = wrapper.cfbundle; includeInIndex = 0; path = UnidirectionDataFlowTests.xctest; sourceTree = BUILT_PRODUCTS_DIR; };
		00FEF5B322408AD100409609 /* UnidirectionDataFlowTests.swift */ = {isa = PBXFileReference; lastKnownFileType = sourcecode.swift; path = UnidirectionDataFlowTests.swift; sourceTree = "<group>"; };
		00FEF5B522408AD100409609 /* Info.plist */ = {isa = PBXFileReference; lastKnownFileType = text.plist.xml; path = Info.plist; sourceTree = "<group>"; };
		00FEF5BA22408AD100409609 /* UnidirectionDataFlowUITests.xctest */ = {isa = PBXFileReference; explicitFileType = wrapper.cfbundle; includeInIndex = 0; path = UnidirectionDataFlowUITests.xctest; sourceTree = BUILT_PRODUCTS_DIR; };
		00FEF5BE22408AD100409609 /* UnidirectionDataFlowUITests.swift */ = {isa = PBXFileReference; lastKnownFileType = sourcecode.swift; path = UnidirectionDataFlowUITests.swift; sourceTree = "<group>"; };
		00FEF5C022408AD100409609 /* Info.plist */ = {isa = PBXFileReference; lastKnownFileType = text.plist.xml; path = Info.plist; sourceTree = "<group>"; };
/* End PBXFileReference section */

/* Begin PBXFrameworksBuildPhase section */
		00FEF59822408ACE00409609 /* Frameworks */ = {
			isa = PBXFrameworksBuildPhase;
			buildActionMask = 2147483647;
			files = (
			);
			runOnlyForDeploymentPostprocessing = 0;
		};
		00FEF5AC22408AD100409609 /* Frameworks */ = {
			isa = PBXFrameworksBuildPhase;
			buildActionMask = 2147483647;
			files = (
			);
			runOnlyForDeploymentPostprocessing = 0;
		};
		00FEF5B722408AD100409609 /* Frameworks */ = {
			isa = PBXFrameworksBuildPhase;
			buildActionMask = 2147483647;
			files = (
			);
			runOnlyForDeploymentPostprocessing = 0;
		};
/* End PBXFrameworksBuildPhase section */

/* Begin PBXGroup section */
		00FEF59222408ACE00409609 = {
			isa = PBXGroup;
			children = (
				00FEF59D22408ACE00409609 /* UnidirectionDataFlow */,
				00FEF5B222408AD100409609 /* UnidirectionDataFlowTests */,
				00FEF5BD22408AD100409609 /* UnidirectionDataFlowUITests */,
				00FEF59C22408ACE00409609 /* Products */,
			);
			sourceTree = "<group>";
		};
		00FEF59C22408ACE00409609 /* Products */ = {
			isa = PBXGroup;
			children = (
				00FEF59B22408ACE00409609 /* UnidirectionDataFlow.app */,
				00FEF5AF22408AD100409609 /* UnidirectionDataFlowTests.xctest */,
				00FEF5BA22408AD100409609 /* UnidirectionDataFlowUITests.xctest */,
			);
			name = Products;
			sourceTree = "<group>";
		};
		00FEF59D22408ACE00409609 /* UnidirectionDataFlow */ = {
			isa = PBXGroup;
			children = (
				00FEF59E22408ACE00409609 /* AppDelegate.swift */,
				00FEF5A022408ACE00409609 /* ViewController.swift */,
				00FEF5A222408ACE00409609 /* Main.storyboard */,
				00FEF5A522408AD000409609 /* Assets.xcassets */,
				00FEF5A722408AD000409609 /* LaunchScreen.storyboard */,
				00FEF5AA22408AD000409609 /* Info.plist */,
			);
			path = UnidirectionDataFlow;
			sourceTree = "<group>";
		};
		00FEF5B222408AD100409609 /* UnidirectionDataFlowTests */ = {
			isa = PBXGroup;
			children = (
				00FEF5B322408AD100409609 /* UnidirectionDataFlowTests.swift */,
				00FEF5B522408AD100409609 /* Info.plist */,
			);
			path = UnidirectionDataFlowTests;
			sourceTree = "<group>";
		};
		00FEF5BD22408AD100409609 /* UnidirectionDataFlowUITests */ = {
			isa = PBXGroup;
			children = (
				00FEF5BE22408AD100409609 /* UnidirectionDataFlowUITests.swift */,
				00FEF5C022408AD100409609 /* Info.plist */,
			);
			path = UnidirectionDataFlowUITests;
			sourceTree = "<group>";
		};
/* End PBXGroup section */

/* Begin PBXNativeTarget section */
		00FEF59A22408ACE00409609 /* UnidirectionDataFlow */ = {
			isa = PBXNativeTarget;
			buildConfigurationList = 00FEF5C322408AD100409609 /* Build configuration list for PBXNativeTarget "UnidirectionDataFlow" */;
			buildPhases = (
				00FEF59722408ACE00409609 /* Sources */,
				00FEF59822408ACE00409609 /* Frameworks */,
				00FEF59922408ACE00409609 /* Resources */,
			);
			buildRules = (
			);
			dependencies = (
			);
			name = UnidirectionDataFlow;
			productName = UnidirectionDataFlow;
			productReference = 00FEF59B22408ACE00409609 /* UnidirectionDataFlow.app */;
			productType = "com.apple.product-type.application";
		};
		00FEF5AE22408AD100409609 /* UnidirectionDataFlowTests */ = {
			isa = PBXNativeTarget;
			buildConfigurationList = 00FEF5C622408AD100409609 /* Build configuration list for PBXNativeTarget "UnidirectionDataFlowTests" */;
			buildPhases = (
				00FEF5AB22408AD100409609 /* Sources */,
				00FEF5AC22408AD100409609 /* Frameworks */,
				00FEF5AD22408AD100409609 /* Resources */,
			);
			buildRules = (
			);
			dependencies = (
				00FEF5B122408AD100409609 /* PBXTargetDependency */,
			);
			name = UnidirectionDataFlowTests;
			productName = UnidirectionDataFlowTests;
			productReference = 00FEF5AF22408AD100409609 /* UnidirectionDataFlowTests.xctest */;
			productType = "com.apple.product-type.bundle.unit-test";
		};
		00FEF5B922408AD100409609 /* UnidirectionDataFlowUITests */ = {
			isa = PBXNativeTarget;
			buildConfigurationList = 00FEF5C922408AD100409609 /* Build configuration list for PBXNativeTarget "UnidirectionDataFlowUITests" */;
			buildPhases = (
				00FEF5B622408AD100409609 /* Sources */,
				00FEF5B722408AD100409609 /* Frameworks */,
				00FEF5B822408AD100409609 /* Resources */,
			);
			buildRules = (
			);
			dependencies = (
				00FEF5BC22408AD100409609 /* PBXTargetDependency */,
			);
			name = UnidirectionDataFlowUITests;
			productName = UnidirectionDataFlowUITests;
			productReference = 00FEF5BA22408AD100409609 /* UnidirectionDataFlowUITests.xctest */;
			productType = "com.apple.product-type.bundle.ui-testing";
		};
/* End PBXNativeTarget section */

/* Begin PBXProject section */
		00FEF59322408ACE00409609 /* Project object */ = {
			isa = PBXProject;
			attributes = {
				LastSwiftUpdateCheck = 1010;
				LastUpgradeCheck = 1010;
				ORGANIZATIONNAME = "师飞";
				TargetAttributes = {
					00FEF59A22408ACE00409609 = {
						CreatedOnToolsVersion = 10.1;
					};
					00FEF5AE22408AD100409609 = {
						CreatedOnToolsVersion = 10.1;
						TestTargetID = 00FEF59A22408ACE00409609;
					};
					00FEF5B922408AD100409609 = {
						CreatedOnToolsVersion = 10.1;
						TestTargetID = 00FEF59A22408ACE00409609;
					};
				};
			};
			buildConfigurationList = 00FEF59622408ACE00409609 /* Build configuration list for PBXProject "UnidirectionDataFlow" */;
			compatibilityVersion = "Xcode 9.3";
			developmentRegion = en;
			hasScannedForEncodings = 0;
			knownRegions = (
				en,
				Base,
			);
			mainGroup = 00FEF59222408ACE00409609;
			productRefGroup = 00FEF59C22408ACE00409609 /* Products */;
			projectDirPath = "";
			projectRoot = "";
			targets = (
				00FEF59A22408ACE00409609 /* UnidirectionDataFlow */,
				00FEF5AE22408AD100409609 /* UnidirectionDataFlowTests */,
				00FEF5B922408AD100409609 /* UnidirectionDataFlowUITests */,
			);
		};
/* End PBXProject section */

/* Begin PBXResourcesBuildPhase section */
		00FEF59922408ACE00409609 /* Resources */ = {
			isa = PBXResourcesBuildPhase;
			buildActionMask = 2147483647;
			files = (
				00FEF5A922408AD000409609 /* LaunchScreen.storyboard in Resources */,
				00FEF5A622408AD000409609 /* Assets.xcassets in Resources */,
				00FEF5A422408ACE00409609 /* Main.storyboard in Resources */,
			);
			runOnlyForDeploymentPostprocessing = 0;
		};
		00FEF5AD22408AD100409609 /* Resources */ = {
			isa = PBXResourcesBuildPhase;
			buildActionMask = 2147483647;
			files = (
			);
			runOnlyForDeploymentPostprocessing = 0;
		};
		00FEF5B822408AD100409609 /* Resources */ = {
			isa = PBXResourcesBuildPhase;
			buildActionMask = 2147483647;
			files = (
			);
			runOnlyForDeploymentPostprocessing = 0;
		};
/* End PBXResourcesBuildPhase section */

/* Begin PBXSourcesBuildPhase section */
		00FEF59722408ACE00409609 /* Sources */ = {
			isa = PBXSourcesBuildPhase;
			buildActionMask = 2147483647;
			files = (
				00FEF5A122408ACE00409609 /* ViewController.swift in Sources */,
				00FEF59F22408ACE00409609 /* AppDelegate.swift in Sources */,
			);
			runOnlyForDeploymentPostprocessing = 0;
		};
		00FEF5AB22408AD100409609 /* Sources */ = {
			isa = PBXSourcesBuildPhase;
			buildActionMask = 2147483647;
			files = (
				00FEF5B422408AD100409609 /* UnidirectionDataFlowTests.swift in Sources */,
			);
			runOnlyForDeploymentPostprocessing = 0;
		};
		00FEF5B622408AD100409609 /* Sources */ = {
			isa = PBXSourcesBuildPhase;
			buildActionMask = 2147483647;
			files = (
				00FEF5BF22408AD100409609 /* UnidirectionDataFlowUITests.swift in Sources */,
			);
			runOnlyForDeploymentPostprocessing = 0;
		};
/* End PBXSourcesBuildPhase section */

/* Begin PBXTargetDependency section */
		00FEF5B122408AD100409609 /* PBXTargetDependency */ = {
			isa = PBXTargetDependency;
			target = 00FEF59A22408ACE00409609 /* UnidirectionDataFlow */;
			targetProxy = 00FEF5B022408AD100409609 /* PBXContainerItemProxy */;
		};
		00FEF5BC22408AD100409609 /* PBXTargetDependency */ = {
			isa = PBXTargetDependency;
			target = 00FEF59A22408ACE00409609 /* UnidirectionDataFlow */;
			targetProxy = 00FEF5BB22408AD100409609 /* PBXContainerItemProxy */;
		};
/* End PBXTargetDependency section */

/* Begin PBXVariantGroup section */
		00FEF5A222408ACE00409609 /* Main.storyboard */ = {
			isa = PBXVariantGroup;
			children = (
				00FEF5A322408ACE00409609 /* Base */,
			);
			name = Main.storyboard;
			sourceTree = "<group>";
		};
		00FEF5A722408AD000409609 /* LaunchScreen.storyboard */ = {
			isa = PBXVariantGroup;
			children = (
				00FEF5A822408AD000409609 /* Base */,
			);
			name = LaunchScreen.storyboard;
			sourceTree = "<group>";
		};
/* End PBXVariantGroup section */

/* Begin XCBuildConfiguration section */
		00FEF5C122408AD100409609 /* Debug */ = {
			isa = XCBuildConfiguration;
			buildSettings = {
				ALWAYS_SEARCH_USER_PATHS = NO;
				CLANG_ANALYZER_NONNULL = YES;
				CLANG_ANALYZER_NUMBER_OBJECT_CONVERSION = YES_AGGRESSIVE;
				CLANG_CXX_LANGUAGE_STANDARD = "gnu++14";
				CLANG_CXX_LIBRARY = "libc++";
				CLANG_ENABLE_MODULES = YES;
				CLANG_ENABLE_OBJC_ARC = YES;
				CLANG_ENABLE_OBJC_WEAK = YES;
				CLANG_WARN_BLOCK_CAPTURE_AUTORELEASING = YES;
				CLANG_WARN_BOOL_CONVERSION = YES;
				CLANG_WARN_COMMA = YES;
				CLANG_WARN_CONSTANT_CONVERSION = YES;
				CLANG_WARN_DEPRECATED_OBJC_IMPLEMENTATIONS = YES;
				CLANG_WARN_DIRECT_OBJC_ISA_USAGE = YES_ERROR;
				CLANG_WARN_DOCUMENTATION_COMMENTS = YES;
				CLANG_WARN_EMPTY_BODY = YES;
				CLANG_WARN_ENUM_CONVERSION = YES;
				CLANG_WARN_INFINITE_RECURSION = YES;
				CLANG_WARN_INT_CONVERSION = YES;
				CLANG_WARN_NON_LITERAL_NULL_CONVERSION = YES;
				CLANG_WARN_OBJC_IMPLICIT_RETAIN_SELF = YES;
				CLANG_WARN_OBJC_LITERAL_CONVERSION = YES;
				CLANG_WARN_OBJC_ROOT_CLASS = YES_ERROR;
				CLANG_WARN_RANGE_LOOP_ANALYSIS = YES;
				CLANG_WARN_STRICT_PROTOTYPES = YES;
				CLANG_WARN_SUSPICIOUS_MOVE = YES;
				CLANG_WARN_UNGUARDED_AVAILABILITY = YES_AGGRESSIVE;
				CLANG_WARN_UNREACHABLE_CODE = YES;
				CLANG_WARN__DUPLICATE_METHOD_MATCH = YES;
				CODE_SIGN_IDENTITY = "iPhone Developer";
				COPY_PHASE_STRIP = NO;
				DEBUG_INFORMATION_FORMAT = dwarf;
				ENABLE_STRICT_OBJC_MSGSEND = YES;
				ENABLE_TESTABILITY = YES;
				GCC_C_LANGUAGE_STANDARD = gnu11;
				GCC_DYNAMIC_NO_PIC = NO;
				GCC_NO_COMMON_BLOCKS = YES;
				GCC_OPTIMIZATION_LEVEL = 0;
				GCC_PREPROCESSOR_DEFINITIONS = (
					"DEBUG=1",
					"$(inherited)",
				);
				GCC_WARN_64_TO_32_BIT_CONVERSION = YES;
				GCC_WARN_ABOUT_RETURN_TYPE = YES_ERROR;
				GCC_WARN_UNDECLARED_SELECTOR = YES;
				GCC_WARN_UNINITIALIZED_AUTOS = YES_AGGRESSIVE;
				GCC_WARN_UNUSED_FUNCTION = YES;
				GCC_WARN_UNUSED_VARIABLE = YES;
				IPHONEOS_DEPLOYMENT_TARGET = 12.1;
				MTL_ENABLE_DEBUG_INFO = INCLUDE_SOURCE;
				MTL_FAST_MATH = YES;
				ONLY_ACTIVE_ARCH = YES;
				SDKROOT = iphoneos;
				SWIFT_ACTIVE_COMPILATION_CONDITIONS = DEBUG;
				SWIFT_OPTIMIZATION_LEVEL = "-Onone";
			};
			name = Debug;
		};
		00FEF5C222408AD100409609 /* Release */ = {
			isa = XCBuildConfiguration;
			buildSettings = {
				ALWAYS_SEARCH_USER_PATHS = NO;
				CLANG_ANALYZER_NONNULL = YES;
				CLANG_ANALYZER_NUMBER_OBJECT_CONVERSION = YES_AGGRESSIVE;
				CLANG_CXX_LANGUAGE_STANDARD = "gnu++14";
				CLANG_CXX_LIBRARY = "libc++";
				CLANG_ENABLE_MODULES = YES;
				CLANG_ENABLE_OBJC_ARC = YES;
				CLANG_ENABLE_OBJC_WEAK = YES;
				CLANG_WARN_BLOCK_CAPTURE_AUTORELEASING = YES;
				CLANG_WARN_BOOL_CONVERSION = YES;
				CLANG_WARN_COMMA = YES;
				CLANG_WARN_CONSTANT_CONVERSION = YES;
				CLANG_WARN_DEPRECATED_OBJC_IMPLEMENTATIONS = YES;
				CLANG_WARN_DIRECT_OBJC_ISA_USAGE = YES_ERROR;
				CLANG_WARN_DOCUMENTATION_COMMENTS = YES;
				CLANG_WARN_EMPTY_BODY = YES;
				CLANG_WARN_ENUM_CONVERSION = YES;
				CLANG_WARN_INFINITE_RECURSION = YES;
				CLANG_WARN_INT_CONVERSION = YES;
				CLANG_WARN_NON_LITERAL_NULL_CONVERSION = YES;
				CLANG_WARN_OBJC_IMPLICIT_RETAIN_SELF = YES;
				CLANG_WARN_OBJC_LITERAL_CONVERSION = YES;
				CLANG_WARN_OBJC_ROOT_CLASS = YES_ERROR;
				CLANG_WARN_RANGE_LOOP_ANALYSIS = YES;
				CLANG_WARN_STRICT_PROTOTYPES = YES;
				CLANG_WARN_SUSPICIOUS_MOVE = YES;
				CLANG_WARN_UNGUARDED_AVAILABILITY = YES_AGGRESSIVE;
				CLANG_WARN_UNREACHABLE_CODE = YES;
				CLANG_WARN__DUPLICATE_METHOD_MATCH = YES;
				CODE_SIGN_IDENTITY = "iPhone Developer";
				COPY_PHASE_STRIP = NO;
				DEBUG_INFORMATION_FORMAT = "dwarf-with-dsym";
				ENABLE_NS_ASSERTIONS = NO;
				ENABLE_STRICT_OBJC_MSGSEND = YES;
				GCC_C_LANGUAGE_STANDARD = gnu11;
				GCC_NO_COMMON_BLOCKS = YES;
				GCC_WARN_64_TO_32_BIT_CONVERSION = YES;
				GCC_WARN_ABOUT_RETURN_TYPE = YES_ERROR;
				GCC_WARN_UNDECLARED_SELECTOR = YES;
				GCC_WARN_UNINITIALIZED_AUTOS = YES_AGGRESSIVE;
				GCC_WARN_UNUSED_FUNCTION = YES;
				GCC_WARN_UNUSED_VARIABLE = YES;
				IPHONEOS_DEPLOYMENT_TARGET = 12.1;
				MTL_ENABLE_DEBUG_INFO = NO;
				MTL_FAST_MATH = YES;
				SDKROOT = iphoneos;
				SWIFT_COMPILATION_MODE = wholemodule;
				SWIFT_OPTIMIZATION_LEVEL = "-O";
				VALIDATE_PRODUCT = YES;
			};
			name = Release;
		};
		00FEF5C422408AD100409609 /* Debug */ = {
			isa = XCBuildConfiguration;
			buildSettings = {
				ASSETCATALOG_COMPILER_APPICON_NAME = AppIcon;
				CODE_SIGN_STYLE = Automatic;
				DEVELOPMENT_TEAM = AKHM8BKK55;
				INFOPLIST_FILE = UnidirectionDataFlow/Info.plist;
				LD_RUNPATH_SEARCH_PATHS = (
					"$(inherited)",
					"@executable_path/Frameworks",
				);
				PRODUCT_BUNDLE_IDENTIFIER = "com.shifei.-tuwan.UnidirectionDataFlow";
				PRODUCT_NAME = "$(TARGET_NAME)";
				SWIFT_VERSION = 4.2;
				TARGETED_DEVICE_FAMILY = "1,2";
			};
			name = Debug;
		};
		00FEF5C522408AD100409609 /* Release */ = {
			isa = XCBuildConfiguration;
			buildSettings = {
				ASSETCATALOG_COMPILER_APPICON_NAME = AppIcon;
				CODE_SIGN_STYLE = Automatic;
				DEVELOPMENT_TEAM = AKHM8BKK55;
				INFOPLIST_FILE = UnidirectionDataFlow/Info.plist;
				LD_RUNPATH_SEARCH_PATHS = (
					"$(inherited)",
					"@executable_path/Frameworks",
				);
				PRODUCT_BUNDLE_IDENTIFIER = "com.shifei.-tuwan.UnidirectionDataFlow";
				PRODUCT_NAME = "$(TARGET_NAME)";
				SWIFT_VERSION = 4.2;
				TARGETED_DEVICE_FAMILY = "1,2";
			};
			name = Release;
		};
		00FEF5C722408AD100409609 /* Debug */ = {
			isa = XCBuildConfiguration;
			buildSettings = {
				ALWAYS_EMBED_SWIFT_STANDARD_LIBRARIES = YES;
				BUNDLE_LOADER = "$(TEST_HOST)";
				CODE_SIGN_STYLE = Automatic;
				DEVELOPMENT_TEAM = AKHM8BKK55;
				INFOPLIST_FILE = UnidirectionDataFlowTests/Info.plist;
				LD_RUNPATH_SEARCH_PATHS = (
					"$(inherited)",
					"@executable_path/Frameworks",
					"@loader_path/Frameworks",
				);
				PRODUCT_BUNDLE_IDENTIFIER = "com.shifei.-tuwan.UnidirectionDataFlowTests";
				PRODUCT_NAME = "$(TARGET_NAME)";
				SWIFT_VERSION = 4.2;
				TARGETED_DEVICE_FAMILY = "1,2";
				TEST_HOST = "$(BUILT_PRODUCTS_DIR)/UnidirectionDataFlow.app/UnidirectionDataFlow";
			};
			name = Debug;
		};
		00FEF5C822408AD100409609 /* Release */ = {
			isa = XCBuildConfiguration;
			buildSettings = {
				ALWAYS_EMBED_SWIFT_STANDARD_LIBRARIES = YES;
				BUNDLE_LOADER = "$(TEST_HOST)";
				CODE_SIGN_STYLE = Automatic;
				DEVELOPMENT_TEAM = AKHM8BKK55;
				INFOPLIST_FILE = UnidirectionDataFlowTests/Info.plist;
				LD_RUNPATH_SEARCH_PATHS = (
					"$(inherited)",
					"@executable_path/Frameworks",
					"@loader_path/Frameworks",
				);
				PRODUCT_BUNDLE_IDENTIFIER = "com.shifei.-tuwan.UnidirectionDataFlowTests";
				PRODUCT_NAME = "$(TARGET_NAME)";
				SWIFT_VERSION = 4.2;
				TARGETED_DEVICE_FAMILY = "1,2";
				TEST_HOST = "$(BUILT_PRODUCTS_DIR)/UnidirectionDataFlow.app/UnidirectionDataFlow";
			};
			name = Release;
		};
		00FEF5CA22408AD100409609 /* Debug */ = {
			isa = XCBuildConfiguration;
			buildSettings = {
				ALWAYS_EMBED_SWIFT_STANDARD_LIBRARIES = YES;
				CODE_SIGN_STYLE = Automatic;
				DEVELOPMENT_TEAM = AKHM8BKK55;
				INFOPLIST_FILE = UnidirectionDataFlowUITests/Info.plist;
				LD_RUNPATH_SEARCH_PATHS = (
					"$(inherited)",
					"@executable_path/Frameworks",
					"@loader_path/Frameworks",
				);
				PRODUCT_BUNDLE_IDENTIFIER = "com.shifei.-tuwan.UnidirectionDataFlowUITests";
				PRODUCT_NAME = "$(TARGET_NAME)";
				SWIFT_VERSION = 4.2;
				TARGETED_DEVICE_FAMILY = "1,2";
				TEST_TARGET_NAME = UnidirectionDataFlow;
			};
			name = Debug;
		};
		00FEF5CB22408AD100409609 /* Release */ = {
			isa = XCBuildConfiguration;
			buildSettings = {
				ALWAYS_EMBED_SWIFT_STANDARD_LIBRARIES = YES;
				CODE_SIGN_STYLE = Automatic;
				DEVELOPMENT_TEAM = AKHM8BKK55;
				INFOPLIST_FILE = UnidirectionDataFlowUITests/Info.plist;
				LD_RUNPATH_SEARCH_PATHS = (
					"$(inherited)",
					"@executable_path/Frameworks",
					"@loader_path/Frameworks",
				);
				PRODUCT_BUNDLE_IDENTIFIER = "com.shifei.-tuwan.UnidirectionDataFlowUITests";
				PRODUCT_NAME = "$(TARGET_NAME)";
				SWIFT_VERSION = 4.2;
				TARGETED_DEVICE_FAMILY = "1,2";
				TEST_TARGET_NAME = UnidirectionDataFlow;
			};
			name = Release;
		};
/* End XCBuildConfiguration section */

/* Begin XCConfigurationList section */
		00FEF59622408ACE00409609 /* Build configuration list for PBXProject "UnidirectionDataFlow" */ = {
			isa = XCConfigurationList;
			buildConfigurations = (
				00FEF5C122408AD100409609 /* Debug */,
				00FEF5C222408AD100409609 /* Release */,
			);
			defaultConfigurationIsVisible = 0;
			defaultConfigurationName = Release;
		};
		00FEF5C322408AD100409609 /* Build configuration list for PBXNativeTarget "UnidirectionDataFlow" */ = {
			isa = XCConfigurationList;
			buildConfigurations = (
				00FEF5C422408AD100409609 /* Debug */,
				00FEF5C522408AD100409609 /* Release */,
			);
			defaultConfigurationIsVisible = 0;
			defaultConfigurationName = Release;
		};
		00FEF5C622408AD100409609 /* Build configuration list for PBXNativeTarget "UnidirectionDataFlowTests" */ = {
			isa = XCConfigurationList;
			buildConfigurations = (
				00FEF5C722408AD100409609 /* Debug */,
				00FEF5C822408AD100409609 /* Release */,
			);
			defaultConfigurationIsVisible = 0;
			defaultConfigurationName = Release;
		};
		00FEF5C922408AD100409609 /* Build configuration list for PBXNativeTarget "UnidirectionDataFlowUITests" */ = {
			isa = XCConfigurationList;
			buildConfigurations = (
				00FEF5CA22408AD100409609 /* Debug */,
				00FEF5CB22408AD100409609 /* Release */,
			);
			defaultConfigurationIsVisible = 0;
			defaultConfigurationName = Release;
		};
/* End XCConfigurationList section */
	};
	rootObject = 00FEF59322408ACE00409609 /* Project object */;
}
